
Microsoft Visual Studio Solution File, Format Version 12.00
# Visual Studio Version 16
VisualStudioVersion = 16.0.31702.278
MinimumVisualStudioVersion = 10.0.40219.1
Project("{FAE04EC0-301F-11D3-BF4B-00C04F79EFBC}") = "Mii_3", "Mii_3\Mii_3.csproj", "{7ECBDCD0-D6E3-43C7-8CFC-8928858EDD48}"
EndProject
Global
	GlobalSection(SolutionConfigurationPlatforms) = preSolution
		Debug|Any CPU = Debug|Any CPU
		Release|Any CPU = Release|Any CPU
	EndGlobalSection
	GlobalSection(ProjectConfigurationPlatforms) = postSolution
		{7ECBDCD0-D6E3-43C7-8CFC-8928858EDD48}.Debug|Any CPU.ActiveCfg = Debug|Any CPU
		{7ECBDCD0-D6E3-43C7-8CFC-8928858EDD48}.Debug|Any CPU.Build.0 = Debug|Any CPU
		{7ECBDCD0-D6E3-43C7-8CFC-8928858EDD48}.Release|Any CPU.ActiveCfg = Release|Any CPU
		{7ECBDCD0-D6E3-43C7-8CFC-8928858EDD48}.Release|Any CPU.Build.0 = Release|Any CPU
	EndGlobalSection
	GlobalSection(SolutionProperties) = preSolution
		HideSolutionNode = FALSE
	EndGlobalSection
	GlobalSection(ExtensibilityGlobals) = postSolution
		SolutionGuid = {F98E70C7-53B9-4533-8C2D-F982FD383C12}
	EndGlobalSection
EndGlobal
